
Microsoft Visual Studio Solution File, Format Version 12.00
# Visual Studio Version 17
VisualStudioVersion = 17.7.34221.43
MinimumVisualStudioVersion = 10.0.40219.1
Project("{FAE04EC0-301F-11D3-BF4B-00C04F79EFBC}") = "SkillsLab2023_Assignment", "SkillsLab2023_Assignment\SkillsLab2023_Assignment.csproj", "{E322D085-B974-4F1A-A83A-462343E648BA}"
EndProject
Project("{FAE04EC0-301F-11D3-BF4B-00C04F79EFBC}") = "Framework", "Framework\Framework.csproj", "{F40BBB16-0732-4CCB-8662-83F734ECC6D3}"
EndProject
Project("{FAE04EC0-301F-11D3-BF4B-00C04F79EFBC}") = "DAL", "DAL\DAL.csproj", "{CFB113C4-EDE9-49C7-8A9E-5F6F8CA49AFD}"
EndProject
Project("{FAE04EC0-301F-11D3-BF4B-00C04F79EFBC}") = "BusinessLayer", "BusinessLayer\BusinessLayer.csproj", "{12E98B1B-1197-4D11-AAE6-3C440C1B6A16}"
EndProject
Global
	GlobalSection(SolutionConfigurationPlatforms) = preSolution
		Debug|Any CPU = Debug|Any CPU
		Release|Any CPU = Release|Any CPU
	EndGlobalSection
	GlobalSection(ProjectConfigurationPlatforms) = postSolution
		{E322D085-B974-4F1A-A83A-462343E648BA}.Debug|Any CPU.ActiveCfg = Debug|Any CPU
		{E322D085-B974-4F1A-A83A-462343E648BA}.Debug|Any CPU.Build.0 = Debug|Any CPU
		{E322D085-B974-4F1A-A83A-462343E648BA}.Release|Any CPU.ActiveCfg = Release|Any CPU
		{E322D085-B974-4F1A-A83A-462343E648BA}.Release|Any CPU.Build.0 = Release|Any CPU
		{F40BBB16-0732-4CCB-8662-83F734ECC6D3}.Debug|Any CPU.ActiveCfg = Debug|Any CPU
		{F40BBB16-0732-4CCB-8662-83F734ECC6D3}.Debug|Any CPU.Build.0 = Debug|Any CPU
		{F40BBB16-0732-4CCB-8662-83F734ECC6D3}.Release|Any CPU.ActiveCfg = Release|Any CPU
		{F40BBB16-0732-4CCB-8662-83F734ECC6D3}.Release|Any CPU.Build.0 = Release|Any CPU
		{CFB113C4-EDE9-49C7-8A9E-5F6F8CA49AFD}.Debug|Any CPU.ActiveCfg = Debug|Any CPU
		{CFB113C4-EDE9-49C7-8A9E-5F6F8CA49AFD}.Debug|Any CPU.Build.0 = Debug|Any CPU
		{CFB113C4-EDE9-49C7-8A9E-5F6F8CA49AFD}.Release|Any CPU.ActiveCfg = Release|Any CPU
		{CFB113C4-EDE9-49C7-8A9E-5F6F8CA49AFD}.Release|Any CPU.Build.0 = Release|Any CPU
		{12E98B1B-1197-4D11-AAE6-3C440C1B6A16}.Debug|Any CPU.ActiveCfg = Debug|Any CPU
		{12E98B1B-1197-4D11-AAE6-3C440C1B6A16}.Debug|Any CPU.Build.0 = Debug|Any CPU
		{12E98B1B-1197-4D11-AAE6-3C440C1B6A16}.Release|Any CPU.ActiveCfg = Release|Any CPU
		{12E98B1B-1197-4D11-AAE6-3C440C1B6A16}.Release|Any CPU.Build.0 = Release|Any CPU
	EndGlobalSection
	GlobalSection(SolutionProperties) = preSolution
		HideSolutionNode = FALSE
	EndGlobalSection
	GlobalSection(ExtensibilityGlobals) = postSolution
		SolutionGuid = {CEBD7FED-A021-45A4-98FE-769A94AB0158}
	EndGlobalSection
EndGlobal
